<?xml version="1.0" encoding="utf-8"?>
<Project ToolsVersion="4.0" xmlns="http://schemas.microsoft.com/developer/msbuild/2003">
  <ItemGroup>
    <Filter Include="Source Files">
      <UniqueIdentifier>{4FC737F1-C7A5-4376-A066-2A32D752A2FF}</UniqueIdentifier>
      <Extensions>cpp;c;cc;cxx;c++;cppm;ixx;def;odl;idl;hpj;bat;asm;asmx</Extensions>
    </Filter>
    <Filter Include="Header Files">
      <UniqueIdentifier>{93995380-89BD-4b04-88EB-625FBE52EBFB}</UniqueIdentifier>
      <Extensions>h;hh;hpp;hxx;h++;hm;inl;inc;ipp;xsd</Extensions>
    </Filter>
    <Filter Include="Resource Files">
      <UniqueIdentifier>{67DA6AB6-F800-4c08-8B7A-83BB121AAD01}</UniqueIdentifier>
      <Extensions>rc;ico;cur;bmp;dlg;rc2;rct;bin;rgs;gif;jpg;jpeg;jpe;resx;tiff;tif;png;wav;mfcribbon-ms</Extensions>
    </Filter>
  </ItemGroup>
  <ItemGroup>
    <ClCompile Include="main.cpp">
      <Filter>Source Files</Filter>
    </ClCompile>
    <ClCompile Include="Command\Command.cpp">
      <Filter>Source Files</Filter>
    </ClCompile>
    <ClCompile Include="Interpreter\Interpreter.cpp">
      <Filter>Source Files</Filter>
    </ClCompile>
    <ClCompile Include="Command\WCCommand.cpp">
      <Filter>Source Files</Filter>
    </ClCompile>
    <ClCompile Include="Command\Echo.cpp">
      <Filter>Source Files</Filter>
    </ClCompile>
    <ClCompile Include="Command\Prompt.cpp">
      <Filter>Source Files</Filter>
    </ClCompile>
    <ClCompile Include="Command\Time_Date.cpp">
      <Filter>Source Files</Filter>
    </ClCompile>
    <ClCompile Include="Command\Touch.cpp">
      <Filter>Source Files</Filter>
    </ClCompile>
    <ClCompile Include="Command\Truncate.cpp">
      <Filter>Source Files</Filter>
    </ClCompile>
    <ClCompile Include="Command\Remove.cpp">
      <Filter>Source Files</Filter>
    </ClCompile>
    <ClCompile Include="Command\Batch.cpp">
      <Filter>Source Files</Filter>
    </ClCompile>
    <ClCompile Include="IO\Reader\Reader.cpp">
      <Filter>Source Files</Filter>
    </ClCompile>
    <ClCompile Include="Command\Head.cpp">
      <Filter>Source Files</Filter>
    </ClCompile>
    <ClCompile Include="Command\Translate.cpp">
      <Filter>Source Files</Filter>
    </ClCompile>
    <ClCompile Include="Command\Options\Counter.cpp">
      <Filter>Source Files</Filter>
    </ClCompile>
    <ClCompile Include="IO\Writer\Writer.cpp">
      <Filter>Source Files</Filter>
    </ClCompile>
    <ClCompile Include="Command\Help.cpp">
      <Filter>Source Files</Filter>
    </ClCompile>
  </ItemGroup>
  <ItemGroup>
    <ClInclude Include="Command\Command.h">
      <Filter>Header Files</Filter>
    </ClInclude>
    <ClInclude Include="Command\Commands.h">
      <Filter>Header Files</Filter>
    </ClInclude>
    <ClInclude Include="Interpreter\Interpreter.h">
      <Filter>Header Files</Filter>
    </ClInclude>
    <ClInclude Include="Command\WCCommand.h">
      <Filter>Header Files</Filter>
    </ClInclude>
    <ClInclude Include="Command\Echo.h">
      <Filter>Header Files</Filter>
    </ClInclude>
    <ClInclude Include="Command\Prompt.h">
      <Filter>Header Files</Filter>
    </ClInclude>
    <ClInclude Include="Command\Time_Date.h">
      <Filter>Header Files</Filter>
    </ClInclude>
    <ClInclude Include="Command\Touch.h">
      <Filter>Header Files</Filter>
    </ClInclude>
    <ClInclude Include="Command\Truncate.h">
      <Filter>Header Files</Filter>
    </ClInclude>
    <ClInclude Include="Command\Remove.h">
      <Filter>Header Files</Filter>
    </ClInclude>
    <ClInclude Include="Command\Batch.h">
      <Filter>Header Files</Filter>
    </ClInclude>
    <ClInclude Include="IO\Reader\Reader.h">
      <Filter>Header Files</Filter>
    </ClInclude>
    <ClInclude Include="Command\Head.h">
      <Filter>Header Files</Filter>
    </ClInclude>
    <ClInclude Include="Command\Translate.h">
      <Filter>Header Files</Filter>
    </ClInclude>
    <ClInclude Include="Command\Options\Counter.h">
      <Filter>Header Files</Filter>
    </ClInclude>
    <ClInclude Include="IO\Writer\Writer.h">
      <Filter>Header Files</Filter>
    </ClInclude>
    <ClInclude Include="Command\Help.h">
      <Filter>Header Files</Filter>
    </ClInclude>
    <ClInclude Include="IO\IO.h">
      <Filter>Header Files</Filter>
    </ClInclude>
  </ItemGroup>
  <ItemGroup>
    <Text Include="input.txt" />
    <Text Include="output.txt" />
    <Text Include="b.txt" />
  </ItemGroup>
</Project>